
Microsoft Visual Studio Solution File, Format Version 11.00
# Visual Studio 2010
Project("{FAE04EC0-301F-11D3-BF4B-00C04F79EFBC}") = "tinyweb.framework", "tinyweb.framework\tinyweb.framework.csproj", "{4FEB7B17-C089-48A3-BA86-D70B24CCEB9B}"
EndProject
Project("{FAE04EC0-301F-11D3-BF4B-00C04F79EFBC}") = "tinyweb.framework.tests", "tinyweb.framework.tests\tinyweb.framework.tests.csproj", "{87A2D951-4CD1-4689-A962-2F17B8216598}"
EndProject
Project("{FAE04EC0-301F-11D3-BF4B-00C04F79EFBC}") = "tinyweb.samples.spark", "tinyweb.sample\tinyweb.samples.spark.csproj", "{F46CF6D4-BD6A-4A97-AB4D-D804713AD6DC}"
EndProject
Project("{FAE04EC0-301F-11D3-BF4B-00C04F79EFBC}") = "tinyweb.samples.structuremap", "tinyweb.samples.structuremap\tinyweb.samples.structuremap.csproj", "{DD975FBE-69B5-4D6E-BE5E-EE6E9C314727}"
EndProject
Project("{FAE04EC0-301F-11D3-BF4B-00C04F79EFBC}") = "tinyweb.samples.formpost", "tinyweb.samples.formpost\tinyweb.samples.formpost.csproj", "{48594A4F-DA1A-410A-A1C9-E7C030A820A0}"
EndProject
Project("{2150E333-8FDC-42A3-9474-1A3956D46DE8}") = "Samples", "Samples", "{8C95564A-19F1-444C-B831-CBBBE5C40379}"
EndProject
Project("{FAE04EC0-301F-11D3-BF4B-00C04F79EFBC}") = "tinyweb.samples.prg", "tinyweb.samples.prg\tinyweb.samples.prg.csproj", "{E4299504-D385-406D-9591-94C0878ECFEA}"
EndProject
Global
	GlobalSection(SolutionConfigurationPlatforms) = preSolution
		Debug|Any CPU = Debug|Any CPU
		Release|Any CPU = Release|Any CPU
	EndGlobalSection
	GlobalSection(ProjectConfigurationPlatforms) = postSolution
		{4FEB7B17-C089-48A3-BA86-D70B24CCEB9B}.Debug|Any CPU.ActiveCfg = Debug|Any CPU
		{4FEB7B17-C089-48A3-BA86-D70B24CCEB9B}.Debug|Any CPU.Build.0 = Debug|Any CPU
		{4FEB7B17-C089-48A3-BA86-D70B24CCEB9B}.Release|Any CPU.ActiveCfg = Release|Any CPU
		{4FEB7B17-C089-48A3-BA86-D70B24CCEB9B}.Release|Any CPU.Build.0 = Release|Any CPU
		{87A2D951-4CD1-4689-A962-2F17B8216598}.Debug|Any CPU.ActiveCfg = Debug|Any CPU
		{87A2D951-4CD1-4689-A962-2F17B8216598}.Debug|Any CPU.Build.0 = Debug|Any CPU
		{87A2D951-4CD1-4689-A962-2F17B8216598}.Release|Any CPU.ActiveCfg = Release|Any CPU
		{87A2D951-4CD1-4689-A962-2F17B8216598}.Release|Any CPU.Build.0 = Release|Any CPU
		{F46CF6D4-BD6A-4A97-AB4D-D804713AD6DC}.Debug|Any CPU.ActiveCfg = Debug|Any CPU
		{F46CF6D4-BD6A-4A97-AB4D-D804713AD6DC}.Debug|Any CPU.Build.0 = Debug|Any CPU
		{F46CF6D4-BD6A-4A97-AB4D-D804713AD6DC}.Release|Any CPU.ActiveCfg = Release|Any CPU
		{F46CF6D4-BD6A-4A97-AB4D-D804713AD6DC}.Release|Any CPU.Build.0 = Release|Any CPU
		{DD975FBE-69B5-4D6E-BE5E-EE6E9C314727}.Debug|Any CPU.ActiveCfg = Debug|Any CPU
		{DD975FBE-69B5-4D6E-BE5E-EE6E9C314727}.Debug|Any CPU.Build.0 = Debug|Any CPU
		{DD975FBE-69B5-4D6E-BE5E-EE6E9C314727}.Release|Any CPU.ActiveCfg = Release|Any CPU
		{DD975FBE-69B5-4D6E-BE5E-EE6E9C314727}.Release|Any CPU.Build.0 = Release|Any CPU
		{48594A4F-DA1A-410A-A1C9-E7C030A820A0}.Debug|Any CPU.ActiveCfg = Debug|Any CPU
		{48594A4F-DA1A-410A-A1C9-E7C030A820A0}.Debug|Any CPU.Build.0 = Debug|Any CPU
		{48594A4F-DA1A-410A-A1C9-E7C030A820A0}.Release|Any CPU.ActiveCfg = Release|Any CPU
		{48594A4F-DA1A-410A-A1C9-E7C030A820A0}.Release|Any CPU.Build.0 = Release|Any CPU
		{E4299504-D385-406D-9591-94C0878ECFEA}.Debug|Any CPU.ActiveCfg = Debug|Any CPU
		{E4299504-D385-406D-9591-94C0878ECFEA}.Debug|Any CPU.Build.0 = Debug|Any CPU
		{E4299504-D385-406D-9591-94C0878ECFEA}.Release|Any CPU.ActiveCfg = Release|Any CPU
		{E4299504-D385-406D-9591-94C0878ECFEA}.Release|Any CPU.Build.0 = Release|Any CPU
	EndGlobalSection
	GlobalSection(SolutionProperties) = preSolution
		HideSolutionNode = FALSE
	EndGlobalSection
	GlobalSection(NestedProjects) = preSolution
		{DD975FBE-69B5-4D6E-BE5E-EE6E9C314727} = {8C95564A-19F1-444C-B831-CBBBE5C40379}
		{48594A4F-DA1A-410A-A1C9-E7C030A820A0} = {8C95564A-19F1-444C-B831-CBBBE5C40379}
		{F46CF6D4-BD6A-4A97-AB4D-D804713AD6DC} = {8C95564A-19F1-444C-B831-CBBBE5C40379}
		{E4299504-D385-406D-9591-94C0878ECFEA} = {8C95564A-19F1-444C-B831-CBBBE5C40379}
	EndGlobalSection
EndGlobal
